
Microsoft Visual Studio Solution File, Format Version 12.00
# Visual Studio 15
VisualStudioVersion = 15.0.27428.2043
MinimumVisualStudioVersion = 10.0.40219.1
Project("{FAE04EC0-301F-11D3-BF4B-00C04F79EFBC}") = "Yatzy", "WindowsFormsApp1\Yatzy.csproj", "{9E9D3855-88D6-40D5-B5DC-D95A0A75E0A4}"
EndProject
Project("{FAE04EC0-301F-11D3-BF4B-00C04F79EFBC}") = "Yatzy.UnitTest", "Yatzy.UnitTest\Yatzy.UnitTest.csproj", "{4B408509-31E2-4C7C-90EA-E2060721CF97}"
EndProject
Global
	GlobalSection(SolutionConfigurationPlatforms) = preSolution
		Debug|Any CPU = Debug|Any CPU
		Release|Any CPU = Release|Any CPU
	EndGlobalSection
	GlobalSection(ProjectConfigurationPlatforms) = postSolution
		{9E9D3855-88D6-40D5-B5DC-D95A0A75E0A4}.Debug|Any CPU.ActiveCfg = Debug|Any CPU
		{9E9D3855-88D6-40D5-B5DC-D95A0A75E0A4}.Debug|Any CPU.Build.0 = Debug|Any CPU
		{9E9D3855-88D6-40D5-B5DC-D95A0A75E0A4}.Release|Any CPU.ActiveCfg = Release|Any CPU
		{9E9D3855-88D6-40D5-B5DC-D95A0A75E0A4}.Release|Any CPU.Build.0 = Release|Any CPU
		{4B408509-31E2-4C7C-90EA-E2060721CF97}.Debug|Any CPU.ActiveCfg = Debug|Any CPU
		{4B408509-31E2-4C7C-90EA-E2060721CF97}.Debug|Any CPU.Build.0 = Debug|Any CPU
		{4B408509-31E2-4C7C-90EA-E2060721CF97}.Release|Any CPU.ActiveCfg = Release|Any CPU
		{4B408509-31E2-4C7C-90EA-E2060721CF97}.Release|Any CPU.Build.0 = Release|Any CPU
	EndGlobalSection
	GlobalSection(SolutionProperties) = preSolution
		HideSolutionNode = FALSE
	EndGlobalSection
	GlobalSection(ExtensibilityGlobals) = postSolution
		SolutionGuid = {886ECC61-9424-4AFE-9F2D-144880BD9F75}
	EndGlobalSection
EndGlobal
